
Microsoft Visual Studio Solution File, Format Version 12.00
# Visual Studio Version 16
VisualStudioVersion = 16.0.30011.22
MinimumVisualStudioVersion = 10.0.40219.1
Project("{FAE04EC0-301F-11D3-BF4B-00C04F79EFBC}") = "Chat", "Chat.csproj", "{BEC10706-5A65-40CF-B0E2-2F23D65F17F4}"
EndProject
Global
	GlobalSection(SolutionConfigurationPlatforms) = preSolution
		Debug|Any CPU = Debug|Any CPU
		Release|Any CPU = Release|Any CPU
	EndGlobalSection
	GlobalSection(ProjectConfigurationPlatforms) = postSolution
		{BEC10706-5A65-40CF-B0E2-2F23D65F17F4}.Debug|Any CPU.ActiveCfg = Debug|Any CPU
		{BEC10706-5A65-40CF-B0E2-2F23D65F17F4}.Debug|Any CPU.Build.0 = Debug|Any CPU
		{BEC10706-5A65-40CF-B0E2-2F23D65F17F4}.Release|Any CPU.ActiveCfg = Release|Any CPU
		{BEC10706-5A65-40CF-B0E2-2F23D65F17F4}.Release|Any CPU.Build.0 = Release|Any CPU
	EndGlobalSection
	GlobalSection(SolutionProperties) = preSolution
		HideSolutionNode = FALSE
	EndGlobalSection
	GlobalSection(ExtensibilityGlobals) = postSolution
		SolutionGuid = {B3D519A9-D577-4C09-ADAC-BA63FDF3740B}
	EndGlobalSection
EndGlobal
